
Microsoft Visual Studio Solution File, Format Version 12.00
# Visual Studio Version 17
VisualStudioVersion = 17.5.33530.505
MinimumVisualStudioVersion = 10.0.40219.1
Project("{9A19103F-16F7-4668-BE54-9A1E7A4F7556}") = "MVCnet7", "MVCnet7\MVCnet7.csproj", "{E92EAC37-7C9C-465F-B26C-9CFF4930D9FD}"
EndProject
Project("{FAE04EC0-301F-11D3-BF4B-00C04F79EFBC}") = "BDMVCnet7", "BDMVCnet7\BDMVCnet7.csproj", "{DE8628DA-F5F8-46BB-BDE0-C5D60E14F491}"
EndProject
Global
	GlobalSection(SolutionConfigurationPlatforms) = preSolution
		Debug|Any CPU = Debug|Any CPU
		Release|Any CPU = Release|Any CPU
	EndGlobalSection
	GlobalSection(ProjectConfigurationPlatforms) = postSolution
		{E92EAC37-7C9C-465F-B26C-9CFF4930D9FD}.Debug|Any CPU.ActiveCfg = Debug|Any CPU
		{E92EAC37-7C9C-465F-B26C-9CFF4930D9FD}.Debug|Any CPU.Build.0 = Debug|Any CPU
		{E92EAC37-7C9C-465F-B26C-9CFF4930D9FD}.Release|Any CPU.ActiveCfg = Release|Any CPU
		{E92EAC37-7C9C-465F-B26C-9CFF4930D9FD}.Release|Any CPU.Build.0 = Release|Any CPU
		{DE8628DA-F5F8-46BB-BDE0-C5D60E14F491}.Debug|Any CPU.ActiveCfg = Debug|Any CPU
		{DE8628DA-F5F8-46BB-BDE0-C5D60E14F491}.Debug|Any CPU.Build.0 = Debug|Any CPU
		{DE8628DA-F5F8-46BB-BDE0-C5D60E14F491}.Release|Any CPU.ActiveCfg = Release|Any CPU
		{DE8628DA-F5F8-46BB-BDE0-C5D60E14F491}.Release|Any CPU.Build.0 = Release|Any CPU
	EndGlobalSection
	GlobalSection(SolutionProperties) = preSolution
		HideSolutionNode = FALSE
	EndGlobalSection
	GlobalSection(ExtensibilityGlobals) = postSolution
		SolutionGuid = {95D64D00-7C5C-4F5B-AB99-F33C0CAA601B}
	EndGlobalSection
EndGlobal
